<?xml version="1.0" encoding="utf-8"?>
<Project ToolsVersion="4.0" xmlns="http://schemas.microsoft.com/developer/msbuild/2003">
  <ItemGroup>
    <ClCompile Include="Render\Camera.cpp">
      <Filter>Source\Default\Render</Filter>
    </ClCompile>
    <ClCompile Include="Render\Render.cpp">
      <Filter>Source\Default\Render</Filter>
    </ClCompile>
    <ClCompile Include="ParticleSystem.cpp">
      <Filter>Source\My Classes\Particle Systems</Filter>
    </ClCompile>
    <ClCompile Include="ForceGenerator.cpp">
      <Filter>Source\My Classes\ForceGenerators</Filter>
    </ClCompile>
    <ClCompile Include="Particle.cpp">
      <Filter>Source\My Classes\Particle</Filter>
    </ClCompile>
    <ClCompile Include="callbacks.cpp">
      <Filter>Source\Default</Filter>
    </ClCompile>
    <ClCompile Include="main.cpp">
      <Filter>Source\Default</Filter>
    </ClCompile>
    <ClCompile Include="RenderUtils.cpp">
      <Filter>Source\Default</Filter>
    </ClCompile>
    <ClCompile Include="GravityForceGenerator.cpp">
      <Filter>Source\My Classes\ForceGenerators</Filter>
    </ClCompile>
    <ClCompile Include="WindForceGenerator.cpp">
      <Filter>Source\My Classes\ForceGenerators</Filter>
    </ClCompile>
    <ClCompile Include="TornadoForceGenerator.cpp">
      <Filter>Source\My Classes\ForceGenerators</Filter>
    </ClCompile>
    <ClCompile Include="ExplosionForceGenerator.cpp">
      <Filter>Source\My Classes\ForceGenerators</Filter>
    </ClCompile>
    <ClCompile Include="SpringForceGenerator.cpp">
      <Filter>Source\My Classes\ForceGenerators</Filter>
    </ClCompile>
    <ClCompile Include="BouyancyForceGenerator.cpp">
      <Filter>Source\My Classes\ForceGenerators</Filter>
    </ClCompile>
    <ClCompile Include="Scene.cpp">
      <Filter>Source\Scenes</Filter>
    </ClCompile>
    <ClCompile Include="DynamicSpringScene.cpp">
      <Filter>Source\Scenes</Filter>
    </ClCompile>
    <ClCompile Include="StaticSpringScene.cpp">
      <Filter>Source\Scenes</Filter>
    </ClCompile>
    <ClCompile Include="DynamicSpringChainScene.cpp">
      <Filter>Source\Scenes</Filter>
    </ClCompile>
    <ClCompile Include="ExplosionScene.cpp">
      <Filter>Source\Scenes</Filter>
    </ClCompile>
    <ClCompile Include="WindScene.cpp">
      <Filter>Source\Scenes</Filter>
    </ClCompile>
    <ClCompile Include="ElasticBandForceGenerator.cpp">
      <Filter>Source\My Classes\ForceGenerators</Filter>
    </ClCompile>
    <ClCompile Include="ElasticBandScene.cpp">
      <Filter>Source\Scenes</Filter>
    </ClCompile>
    <ClCompile Include="BouyancyScene.cpp">
      <Filter>Source\Scenes</Filter>
    </ClCompile>
    <ClCompile Include="ExampleSolidRigidScene.cpp">
      <Filter>Source\Scenes</Filter>
    </ClCompile>
    <ClCompile Include="BouyancyForceGeneratorRS.cpp">
      <Filter>Proyecto final</Filter>
    </ClCompile>
    <ClCompile Include="ForceGeneratorRS.cpp">
      <Filter>Proyecto final</Filter>
    </ClCompile>
    <ClCompile Include="RigidSolid.cpp">
      <Filter>Proyecto final</Filter>
    </ClCompile>
    <ClCompile Include="ShipControlScene.cpp">
      <Filter>Proyecto final</Filter>
    </ClCompile>
    <ClCompile Include="tiny_obj_loader.cc">
      <Filter>Proyecto final</Filter>
    </ClCompile>
    <ClCompile Include="WindForceGeneratorRS.cpp" />
    <ClCompile Include="ParticleSystemRB.cpp" />
  </ItemGroup>
  <ItemGroup>
    <ClInclude Include="callbacks.hpp">
      <Filter>Header\Default</Filter>
    </ClInclude>
    <ClInclude Include="core.hpp">
      <Filter>Header\Default</Filter>
    </ClInclude>
    <ClInclude Include="RenderUtils.hpp">
      <Filter>Header\Default</Filter>
    </ClInclude>
    <ClInclude Include="Render\Camera.h">
      <Filter>Header\Default\Render</Filter>
    </ClInclude>
    <ClInclude Include="Render\Render.h">
      <Filter>Header\Default\Render</Filter>
    </ClInclude>
    <ClInclude Include="Vector3D.h">
      <Filter>Header\My Classes</Filter>
    </ClInclude>
    <ClInclude Include="ParticleSystem.h">
      <Filter>Header\My Classes\Particle Systems</Filter>
    </ClInclude>
    <ClInclude Include="Particle.h">
      <Filter>Header\My Classes\Particle</Filter>
    </ClInclude>
    <ClInclude Include="WindForceGenerator.h">
      <Filter>Header\My Classes\ForceGenerators</Filter>
    </ClInclude>
    <ClInclude Include="TornadoForceGenerator.h">
      <Filter>Header\My Classes\ForceGenerators</Filter>
    </ClInclude>
    <ClInclude Include="GravityForceGenerator.h">
      <Filter>Header\My Classes\ForceGenerators</Filter>
    </ClInclude>
    <ClInclude Include="ForceGenerator.h">
      <Filter>Header\My Classes\ForceGenerators</Filter>
    </ClInclude>
    <ClInclude Include="ExplosionForceGenerator.h">
      <Filter>Header\My Classes\ForceGenerators</Filter>
    </ClInclude>
    <ClInclude Include="SpringForceGenerator.h">
      <Filter>Header\My Classes\ForceGenerators</Filter>
    </ClInclude>
    <ClInclude Include="BouyancyForceGenerator.h">
      <Filter>Header\My Classes\ForceGenerators</Filter>
    </ClInclude>
    <ClInclude Include="Scene.h">
      <Filter>Header\Scenes</Filter>
    </ClInclude>
    <ClInclude Include="StaticSpringScene.h">
      <Filter>Header\Scenes</Filter>
    </ClInclude>
    <ClInclude Include="DynamicSpringScene.h">
      <Filter>Header\Scenes</Filter>
    </ClInclude>
    <ClInclude Include="Axis.h">
      <Filter>Header\My Classes</Filter>
    </ClInclude>
    <ClInclude Include="DynamicSpringChainScene.h">
      <Filter>Header\Scenes</Filter>
    </ClInclude>
    <ClInclude Include="ExplosionScene.h">
      <Filter>Header\Scenes</Filter>
    </ClInclude>
    <ClInclude Include="WindScene.h">
      <Filter>Header\Scenes</Filter>
    </ClInclude>
    <ClInclude Include="ElasticBandForceGenerator.h">
      <Filter>Header\My Classes\ForceGenerators</Filter>
    </ClInclude>
    <ClInclude Include="ElasticBandScene.h">
      <Filter>Header\Scenes</Filter>
    </ClInclude>
    <ClInclude Include="BouyancyScene.h">
      <Filter>Header\Scenes</Filter>
    </ClInclude>
    <ClInclude Include="ExampleSolidRigidScene.h">
      <Filter>Header\Scenes</Filter>
    </ClInclude>
    <ClInclude Include="BouyancyForceGeneratorRS.h">
      <Filter>Proyecto final</Filter>
    </ClInclude>
    <ClInclude Include="ForceGeneratorRS.h">
      <Filter>Proyecto final</Filter>
    </ClInclude>
    <ClInclude Include="RigidSolid.h">
      <Filter>Proyecto final</Filter>
    </ClInclude>
    <ClInclude Include="ShipControlScene.h">
      <Filter>Proyecto final</Filter>
    </ClInclude>
    <ClInclude Include="tiny_obj_loader.h">
      <Filter>Proyecto final</Filter>
    </ClInclude>
    <ClInclude Include="WindForceGeneratorRS.h" />
    <ClInclude Include="ParticleSystemRB.h" />
  </ItemGroup>
  <ItemGroup>
    <Filter Include="Header">
      <UniqueIdentifier>{f56f1ee3-d545-428d-b388-555c4fce0d13}</UniqueIdentifier>
    </Filter>
    <Filter Include="Source">
      <UniqueIdentifier>{221a1136-299a-4eac-b4d4-087649ec00ed}</UniqueIdentifier>
    </Filter>
    <Filter Include="Header\Default">
      <UniqueIdentifier>{d9db5aa3-088e-490e-ac29-5419cea97e23}</UniqueIdentifier>
    </Filter>
    <Filter Include="Header\Default\Render">
      <UniqueIdentifier>{0f0dea5d-9a18-4962-888d-12b05f7b26ca}</UniqueIdentifier>
    </Filter>
    <Filter Include="Source\Default">
      <UniqueIdentifier>{6068b7de-8108-43c5-b6b6-7de17075bc2e}</UniqueIdentifier>
    </Filter>
    <Filter Include="Source\Default\Render">
      <UniqueIdentifier>{d04b4f9f-5a69-465e-8070-25c6d0bcd3c2}</UniqueIdentifier>
    </Filter>
    <Filter Include="Header\My Classes">
      <UniqueIdentifier>{4e3c88e8-d251-4c76-a28a-17464f3aba0e}</UniqueIdentifier>
    </Filter>
    <Filter Include="Header\My Classes\ForceGenerators">
      <UniqueIdentifier>{21c04198-05e9-4fc3-8a51-b696d901f876}</UniqueIdentifier>
    </Filter>
    <Filter Include="Header\My Classes\Particle">
      <UniqueIdentifier>{f779b615-f10e-4431-a159-21793396b282}</UniqueIdentifier>
    </Filter>
    <Filter Include="Header\My Classes\Particle Systems">
      <UniqueIdentifier>{68853d43-c45f-4384-a8df-b80a887d4680}</UniqueIdentifier>
    </Filter>
    <Filter Include="Source\My Classes">
      <UniqueIdentifier>{b0245ec2-52e6-40e2-b89a-3cddf58876fc}</UniqueIdentifier>
    </Filter>
    <Filter Include="Source\My Classes\ForceGenerators">
      <UniqueIdentifier>{038be043-8c16-4d37-b4fb-1ae654aaa304}</UniqueIdentifier>
    </Filter>
    <Filter Include="Source\My Classes\Particle">
      <UniqueIdentifier>{785c3fe0-4f8c-40a2-b29c-e63468eb9df6}</UniqueIdentifier>
    </Filter>
    <Filter Include="Source\My Classes\Particle Systems">
      <UniqueIdentifier>{ddea66a0-eaa8-4d9e-9b3a-c85cbef2876f}</UniqueIdentifier>
    </Filter>
    <Filter Include="Header\Scenes">
      <UniqueIdentifier>{91dd1383-4014-4070-a881-c468872b4465}</UniqueIdentifier>
    </Filter>
    <Filter Include="Source\Scenes">
      <UniqueIdentifier>{2ba20046-6453-4e23-99c2-7a5a6238ffea}</UniqueIdentifier>
    </Filter>
    <Filter Include="Proyecto final">
      <UniqueIdentifier>{b87a4ee3-319a-4342-b535-e9c5245ed904}</UniqueIdentifier>
    </Filter>
  </ItemGroup>
</Project>